{
  "name": "AUDIT",
  "lockfileVersion": 3,
  "requires": true,
  "packages": {
    "": {
      "dependencies": {
        "audit-code": "^0.1.1",
        "claude": "^0.1.1"
      }
    },
    "node_modules/audit-code": {
      "version": "0.1.1",
      "resolved": "https://registry.npmjs.org/audit-code/-/audit-code-0.1.1.tgz",
      "integrity": "sha512-S5rz1crbxHxJbrigS5+UysMKD7wFRdPW2twgs4Nku22lMG1UGqhFOx9oTY0AajK5L5o0FIfEJKOgq7cHnZnvlA==",
      "hasInstallScript": true,
      "license": "UNLICENSED",
      "bin": {
        "audit": "bin/audit.js"
      },
      "engines": {
        "node": ">=18"
      }
    },
    "node_modules/claude": {
      "version": "0.1.1",
      "resolved": "https://registry.npmjs.org/claude/-/claude-0.1.1.tgz",
      "integrity": "sha512-j7oSibqQdIODNhkI1sEJzHMiPsF43L/GqNbcA+eDDyGM10+x2sH9NW/PK6vM3z0J2tLDKMBcc5ZjVaoRinhuCA==",
      "license": "ISC"
    }
  }
}
